
Microsoft Visual Studio Solution File, Format Version 12.00
# Visual Studio 15
VisualStudioVersion = 15.0.28010.2036
MinimumVisualStudioVersion = 10.0.40219.1
Project("{FAE04EC0-301F-11D3-BF4B-00C04F79EFBC}") = "Projet2-5B6", "Projet2-5B6\Projet2-5B6.csproj", "{63A15E91-BF19-4412-8D46-0874AEDB8D48}"
EndProject
Global
	GlobalSection(SolutionConfigurationPlatforms) = preSolution
		Debug|Any CPU = Debug|Any CPU
		Release|Any CPU = Release|Any CPU
	EndGlobalSection
	GlobalSection(ProjectConfigurationPlatforms) = postSolution
		{63A15E91-BF19-4412-8D46-0874AEDB8D48}.Debug|Any CPU.ActiveCfg = Debug|Any CPU
		{63A15E91-BF19-4412-8D46-0874AEDB8D48}.Debug|Any CPU.Build.0 = Debug|Any CPU
		{63A15E91-BF19-4412-8D46-0874AEDB8D48}.Release|Any CPU.ActiveCfg = Release|Any CPU
		{63A15E91-BF19-4412-8D46-0874AEDB8D48}.Release|Any CPU.Build.0 = Release|Any CPU
	EndGlobalSection
	GlobalSection(SolutionProperties) = preSolution
		HideSolutionNode = FALSE
	EndGlobalSection
	GlobalSection(ExtensibilityGlobals) = postSolution
		SolutionGuid = {C451D13C-3C83-4284-9FCC-25A8D56B2DD6}
	EndGlobalSection
EndGlobal
